
Microsoft Visual Studio Solution File, Format Version 12.00
# Visual Studio Version 16
VisualStudioVersion = 16.0.34301.259
MinimumVisualStudioVersion = 10.0.40219.1
Project("{2150E333-8FDC-42A3-9474-1A3956D46DE8}") = "01. API", "01. API", "{240054B1-F277-453B-8321-6466412D55F8}"
EndProject
Project("{2150E333-8FDC-42A3-9474-1A3956D46DE8}") = "02. Services", "02. Services", "{C928C66C-A3FE-40AB-B6DF-84BAECA2708B}"
EndProject
Project("{2150E333-8FDC-42A3-9474-1A3956D46DE8}") = "03. Persistence", "03. Persistence", "{20F12B32-0E34-45CE-BF2D-48334029BDE2}"
EndProject
Project("{2150E333-8FDC-42A3-9474-1A3956D46DE8}") = "04. Domain", "04. Domain", "{D6ABABCD-8353-4E85-9BA6-BC4B3CAC3FCE}"
EndProject
Project("{9A19103F-16F7-4668-BE54-9A1E7A4F7556}") = "Comedor.Api", "Comedor.Api\Comedor.Api.csproj", "{71707BF4-433A-4870-94A7-9EAC42FA96DA}"
EndProject
Project("{9A19103F-16F7-4668-BE54-9A1E7A4F7556}") = "Comedor.Service.EventHandler", "Comedor.Service.EventHandler\Comedor.Service.EventHandler.csproj", "{234AE24A-EFA9-4A2D-964A-8BA33C697EF1}"
EndProject
Project("{9A19103F-16F7-4668-BE54-9A1E7A4F7556}") = "Comedor.Service.Queries", "Comedor.Service.Queries\Comedor.Service.Queries.csproj", "{F8A1FB64-CDD9-4AB1-9A20-6367670791A1}"
EndProject
Project("{9A19103F-16F7-4668-BE54-9A1E7A4F7556}") = "Comedor.Persistence.Database", "Comedor.Persistence.Database\Comedor.Persistence.Database.csproj", "{2C44F3C9-A5BF-47BD-A014-CBE0A727231A}"
EndProject
Project("{9A19103F-16F7-4668-BE54-9A1E7A4F7556}") = "Comedor.Domain", "Comedor.Domain\Comedor.Domain.csproj", "{97B9304D-AD37-4BDB-94B8-42E438A11822}"
EndProject
Project("{2150E333-8FDC-42A3-9474-1A3956D46DE8}") = "05. Common", "05. Common", "{71AA410A-77A3-4AB9-9D58-090A67265622}"
EndProject
Project("{9A19103F-16F7-4668-BE54-9A1E7A4F7556}") = "Service.Common.Paging", "Service.Common.Paging\Service.Common.Paging.csproj", "{17ECC894-0522-48DC-8BE6-3B2971BAE1D1}"
EndProject
Project("{9A19103F-16F7-4668-BE54-9A1E7A4F7556}") = "Service.Common.Collection", "Service.Common.Collection\Service.Common.Collection.csproj", "{91FE6D93-867E-488A-B7D7-4D264881943F}"
EndProject
Global
	GlobalSection(SolutionConfigurationPlatforms) = preSolution
		Debug|Any CPU = Debug|Any CPU
		Release|Any CPU = Release|Any CPU
	EndGlobalSection
	GlobalSection(ProjectConfigurationPlatforms) = postSolution
		{71707BF4-433A-4870-94A7-9EAC42FA96DA}.Debug|Any CPU.ActiveCfg = Debug|Any CPU
		{71707BF4-433A-4870-94A7-9EAC42FA96DA}.Debug|Any CPU.Build.0 = Debug|Any CPU
		{71707BF4-433A-4870-94A7-9EAC42FA96DA}.Release|Any CPU.ActiveCfg = Release|Any CPU
		{71707BF4-433A-4870-94A7-9EAC42FA96DA}.Release|Any CPU.Build.0 = Release|Any CPU
		{234AE24A-EFA9-4A2D-964A-8BA33C697EF1}.Debug|Any CPU.ActiveCfg = Debug|Any CPU
		{234AE24A-EFA9-4A2D-964A-8BA33C697EF1}.Debug|Any CPU.Build.0 = Debug|Any CPU
		{234AE24A-EFA9-4A2D-964A-8BA33C697EF1}.Release|Any CPU.ActiveCfg = Release|Any CPU
		{234AE24A-EFA9-4A2D-964A-8BA33C697EF1}.Release|Any CPU.Build.0 = Release|Any CPU
		{F8A1FB64-CDD9-4AB1-9A20-6367670791A1}.Debug|Any CPU.ActiveCfg = Debug|Any CPU
		{F8A1FB64-CDD9-4AB1-9A20-6367670791A1}.Debug|Any CPU.Build.0 = Debug|Any CPU
		{F8A1FB64-CDD9-4AB1-9A20-6367670791A1}.Release|Any CPU.ActiveCfg = Release|Any CPU
		{F8A1FB64-CDD9-4AB1-9A20-6367670791A1}.Release|Any CPU.Build.0 = Release|Any CPU
		{2C44F3C9-A5BF-47BD-A014-CBE0A727231A}.Debug|Any CPU.ActiveCfg = Debug|Any CPU
		{2C44F3C9-A5BF-47BD-A014-CBE0A727231A}.Debug|Any CPU.Build.0 = Debug|Any CPU
		{2C44F3C9-A5BF-47BD-A014-CBE0A727231A}.Release|Any CPU.ActiveCfg = Release|Any CPU
		{2C44F3C9-A5BF-47BD-A014-CBE0A727231A}.Release|Any CPU.Build.0 = Release|Any CPU
		{97B9304D-AD37-4BDB-94B8-42E438A11822}.Debug|Any CPU.ActiveCfg = Debug|Any CPU
		{97B9304D-AD37-4BDB-94B8-42E438A11822}.Debug|Any CPU.Build.0 = Debug|Any CPU
		{97B9304D-AD37-4BDB-94B8-42E438A11822}.Release|Any CPU.ActiveCfg = Release|Any CPU
		{97B9304D-AD37-4BDB-94B8-42E438A11822}.Release|Any CPU.Build.0 = Release|Any CPU
		{17ECC894-0522-48DC-8BE6-3B2971BAE1D1}.Debug|Any CPU.ActiveCfg = Debug|Any CPU
		{17ECC894-0522-48DC-8BE6-3B2971BAE1D1}.Debug|Any CPU.Build.0 = Debug|Any CPU
		{17ECC894-0522-48DC-8BE6-3B2971BAE1D1}.Release|Any CPU.ActiveCfg = Release|Any CPU
		{17ECC894-0522-48DC-8BE6-3B2971BAE1D1}.Release|Any CPU.Build.0 = Release|Any CPU
		{91FE6D93-867E-488A-B7D7-4D264881943F}.Debug|Any CPU.ActiveCfg = Debug|Any CPU
		{91FE6D93-867E-488A-B7D7-4D264881943F}.Debug|Any CPU.Build.0 = Debug|Any CPU
		{91FE6D93-867E-488A-B7D7-4D264881943F}.Release|Any CPU.ActiveCfg = Release|Any CPU
		{91FE6D93-867E-488A-B7D7-4D264881943F}.Release|Any CPU.Build.0 = Release|Any CPU
	EndGlobalSection
	GlobalSection(SolutionProperties) = preSolution
		HideSolutionNode = FALSE
	EndGlobalSection
	GlobalSection(NestedProjects) = preSolution
		{71707BF4-433A-4870-94A7-9EAC42FA96DA} = {240054B1-F277-453B-8321-6466412D55F8}
		{234AE24A-EFA9-4A2D-964A-8BA33C697EF1} = {C928C66C-A3FE-40AB-B6DF-84BAECA2708B}
		{F8A1FB64-CDD9-4AB1-9A20-6367670791A1} = {C928C66C-A3FE-40AB-B6DF-84BAECA2708B}
		{2C44F3C9-A5BF-47BD-A014-CBE0A727231A} = {20F12B32-0E34-45CE-BF2D-48334029BDE2}
		{97B9304D-AD37-4BDB-94B8-42E438A11822} = {D6ABABCD-8353-4E85-9BA6-BC4B3CAC3FCE}
		{17ECC894-0522-48DC-8BE6-3B2971BAE1D1} = {71AA410A-77A3-4AB9-9D58-090A67265622}
		{91FE6D93-867E-488A-B7D7-4D264881943F} = {71AA410A-77A3-4AB9-9D58-090A67265622}
	EndGlobalSection
	GlobalSection(ExtensibilityGlobals) = postSolution
		SolutionGuid = {EC5BCB0F-3BB2-42F5-BFB8-7BBF5CB9D63A}
	EndGlobalSection
EndGlobal
